// !$*UTF8*$!
{
	archiveVersion = 1;
	classes = {
	};
	objectVersion = 50;
	objects = {

/* Begin PBXBuildFile section */
		24460E182567B3BA000ABF74 /* AppDelegate.swift in Sources */ = {isa = PBXBuildFile; fileRef = 24460E172567B3BA000ABF74 /* AppDelegate.swift */; };
		24460E1A2567B3BA000ABF74 /* SceneDelegate.swift in Sources */ = {isa = PBXBuildFile; fileRef = 24460E192567B3BA000ABF74 /* SceneDelegate.swift */; };
		24460E1C2567B3BA000ABF74 /* ViewController.swift in Sources */ = {isa = PBXBuildFile; fileRef = 24460E1B2567B3BA000ABF74 /* ViewController.swift */; };
		24460E1F2567B3BA000ABF74 /* Main.storyboard in Resources */ = {isa = PBXBuildFile; fileRef = 24460E1D2567B3BA000ABF74 /* Main.storyboard */; };
		24460E212567B3BB000ABF74 /* Assets.xcassets in Resources */ = {isa = PBXBuildFile; fileRef = 24460E202567B3BB000ABF74 /* Assets.xcassets */; };
		24460E242567B3BB000ABF74 /* LaunchScreen.storyboard in Resources */ = {isa = PBXBuildFile; fileRef = 24460E222567B3BB000ABF74 /* LaunchScreen.storyboard */; };
		24460E2E2567B530000ABF74 /* AnchorView.swift in Sources */ = {isa = PBXBuildFile; fileRef = 24460E2C2567B530000ABF74 /* AnchorView.swift */; };
		24460E2F2567B530000ABF74 /* EditView.swift in Sources */ = {isa = PBXBuildFile; fileRef = 24460E2D2567B530000ABF74 /* EditView.swift */; };
/* End PBXBuildFile section */

/* Begin PBXFileReference section */
		24460E142567B3BA000ABF74 /* edit-image-view.app */ = {isa = PBXFileReference; explicitFileType = wrapper.application; includeInIndex = 0; path = "edit-image-view.app"; sourceTree = BUILT_PRODUCTS_DIR; };
		24460E172567B3BA000ABF74 /* AppDelegate.swift */ = {isa = PBXFileReference; lastKnownFileType = sourcecode.swift; path = AppDelegate.swift; sourceTree = "<group>"; };
		24460E192567B3BA000ABF74 /* SceneDelegate.swift */ = {isa = PBXFileReference; lastKnownFileType = sourcecode.swift; path = SceneDelegate.swift; sourceTree = "<group>"; };
		24460E1B2567B3BA000ABF74 /* ViewController.swift */ = {isa = PBXFileReference; lastKnownFileType = sourcecode.swift; path = ViewController.swift; sourceTree = "<group>"; };
		24460E1E2567B3BA000ABF74 /* Base */ = {isa = PBXFileReference; lastKnownFileType = file.storyboard; name = Base; path = Base.lproj/Main.storyboard; sourceTree = "<group>"; };
		24460E202567B3BB000ABF74 /* Assets.xcassets */ = {isa = PBXFileReference; lastKnownFileType = folder.assetcatalog; path = Assets.xcassets; sourceTree = "<group>"; };
		24460E232567B3BB000ABF74 /* Base */ = {isa = PBXFileReference; lastKnownFileType = file.storyboard; name = Base; path = Base.lproj/LaunchScreen.storyboard; sourceTree = "<group>"; };
		24460E252567B3BB000ABF74 /* Info.plist */ = {isa = PBXFileReference; lastKnownFileType = text.plist.xml; path = Info.plist; sourceTree = "<group>"; };
		24460E2C2567B530000ABF74 /* AnchorView.swift */ = {isa = PBXFileReference; fileEncoding = 4; lastKnownFileType = sourcecode.swift; path = AnchorView.swift; sourceTree = "<group>"; };
		24460E2D2567B530000ABF74 /* EditView.swift */ = {isa = PBXFileReference; fileEncoding = 4; lastKnownFileType = sourcecode.swift; path = EditView.swift; sourceTree = "<group>"; };
/* End PBXFileReference section */

/* Begin PBXFrameworksBuildPhase section */
		24460E112567B3BA000ABF74 /* Frameworks */ = {
			isa = PBXFrameworksBuildPhase;
			buildActionMask = 2147483647;
			files = (
			);
			runOnlyForDeploymentPostprocessing = 0;
		};
/* End PBXFrameworksBuildPhase section */

/* Begin PBXGroup section */
		24460E0B2567B3BA000ABF74 = {
			isa = PBXGroup;
			children = (
				24460E162567B3BA000ABF74 /* edit-image-view */,
				24460E152567B3BA000ABF74 /* Products */,
			);
			sourceTree = "<group>";
		};
		24460E152567B3BA000ABF74 /* Products */ = {
			isa = PBXGroup;
			children = (
				24460E142567B3BA000ABF74 /* edit-image-view.app */,
			);
			name = Products;
			sourceTree = "<group>";
		};
		24460E162567B3BA000ABF74 /* edit-image-view */ = {
			isa = PBXGroup;
			children = (
				24460E322567B7C2000ABF74 /* view */,
				24460E172567B3BA000ABF74 /* AppDelegate.swift */,
				24460E192567B3BA000ABF74 /* SceneDelegate.swift */,
				24460E1B2567B3BA000ABF74 /* ViewController.swift */,
				24460E1D2567B3BA000ABF74 /* Main.storyboard */,
				24460E202567B3BB000ABF74 /* Assets.xcassets */,
				24460E222567B3BB000ABF74 /* LaunchScreen.storyboard */,
				24460E252567B3BB000ABF74 /* Info.plist */,
			);
			path = "edit-image-view";
			sourceTree = "<group>";
		};
		24460E322567B7C2000ABF74 /* view */ = {
			isa = PBXGroup;
			children = (
				24460E2C2567B530000ABF74 /* AnchorView.swift */,
				24460E2D2567B530000ABF74 /* EditView.swift */,
			);
			path = view;
			sourceTree = "<group>";
		};
/* End PBXGroup section */

/* Begin PBXNativeTarget section */
		24460E132567B3BA000ABF74 /* edit-image-view */ = {
			isa = PBXNativeTarget;
			buildConfigurationList = 24460E282567B3BB000ABF74 /* Build configuration list for PBXNativeTarget "edit-image-view" */;
			buildPhases = (
				24460E102567B3BA000ABF74 /* Sources */,
				24460E112567B3BA000ABF74 /* Frameworks */,
				24460E122567B3BA000ABF74 /* Resources */,
			);
			buildRules = (
			);
			dependencies = (
			);
			name = "edit-image-view";
			productName = "edit-image-view";
			productReference = 24460E142567B3BA000ABF74 /* edit-image-view.app */;
			productType = "com.apple.product-type.application";
		};
/* End PBXNativeTarget section */

/* Begin PBXProject section */
		24460E0C2567B3BA000ABF74 /* Project object */ = {
			isa = PBXProject;
			attributes = {
				LastSwiftUpdateCheck = 1200;
				LastUpgradeCheck = 1200;
				TargetAttributes = {
					24460E132567B3BA000ABF74 = {
						CreatedOnToolsVersion = 12.0;
					};
				};
			};
			buildConfigurationList = 24460E0F2567B3BA000ABF74 /* Build configuration list for PBXProject "edit-image-view" */;
			compatibilityVersion = "Xcode 9.3";
			developmentRegion = en;
			hasScannedForEncodings = 0;
			knownRegions = (
				en,
				Base,
			);
			mainGroup = 24460E0B2567B3BA000ABF74;
			productRefGroup = 24460E152567B3BA000ABF74 /* Products */;
			projectDirPath = "";
			projectRoot = "";
			targets = (
				24460E132567B3BA000ABF74 /* edit-image-view */,
			);
		};
/* End PBXProject section */

/* Begin PBXResourcesBuildPhase section */
		24460E122567B3BA000ABF74 /* Resources */ = {
			isa = PBXResourcesBuildPhase;
			buildActionMask = 2147483647;
			files = (
				24460E242567B3BB000ABF74 /* LaunchScreen.storyboard in Resources */,
				24460E212567B3BB000ABF74 /* Assets.xcassets in Resources */,
				24460E1F2567B3BA000ABF74 /* Main.storyboard in Resources */,
			);
			runOnlyForDeploymentPostprocessing = 0;
		};
/* End PBXResourcesBuildPhase section */

/* Begin PBXSourcesBuildPhase section */
		24460E102567B3BA000ABF74 /* Sources */ = {
			isa = PBXSourcesBuildPhase;
			buildActionMask = 2147483647;
			files = (
				24460E1C2567B3BA000ABF74 /* ViewController.swift in Sources */,
				24460E2F2567B530000ABF74 /* EditView.swift in Sources */,
				24460E2E2567B530000ABF74 /* AnchorView.swift in Sources */,
				24460E182567B3BA000ABF74 /* AppDelegate.swift in Sources */,
				24460E1A2567B3BA000ABF74 /* SceneDelegate.swift in Sources */,
			);
			runOnlyForDeploymentPostprocessing = 0;
		};
/* End PBXSourcesBuildPhase section */

/* Begin PBXVariantGroup section */
		24460E1D2567B3BA000ABF74 /* Main.storyboard */ = {
			isa = PBXVariantGroup;
			children = (
				24460E1E2567B3BA000ABF74 /* Base */,
			);
			name = Main.storyboard;
			sourceTree = "<group>";
		};
		24460E222567B3BB000ABF74 /* LaunchScreen.storyboard */ = {
			isa = PBXVariantGroup;
			children = (
				24460E232567B3BB000ABF74 /* Base */,
			);
			name = LaunchScreen.storyboard;
			sourceTree = "<group>";
		};
/* End PBXVariantGroup section */

/* Begin XCBuildConfiguration section */
		24460E262567B3BB000ABF74 /* Debug */ = {
			isa = XCBuildConfiguration;
			buildSettings = {
				ALWAYS_SEARCH_USER_PATHS = NO;
				CLANG_ANALYZER_NONNULL = YES;
				CLANG_ANALYZER_NUMBER_OBJECT_CONVERSION = YES_AGGRESSIVE;
				CLANG_CXX_LANGUAGE_STANDARD = "gnu++14";
				CLANG_CXX_LIBRARY = "libc++";
				CLANG_ENABLE_MODULES = YES;
				CLANG_ENABLE_OBJC_ARC = YES;
				CLANG_ENABLE_OBJC_WEAK = YES;
				CLANG_WARN_BLOCK_CAPTURE_AUTORELEASING = YES;
				CLANG_WARN_BOOL_CONVERSION = YES;
				CLANG_WARN_COMMA = YES;
				CLANG_WARN_CONSTANT_CONVERSION = YES;
				CLANG_WARN_DEPRECATED_OBJC_IMPLEMENTATIONS = YES;
				CLANG_WARN_DIRECT_OBJC_ISA_USAGE = YES_ERROR;
				CLANG_WARN_DOCUMENTATION_COMMENTS = YES;
				CLANG_WARN_EMPTY_BODY = YES;
				CLANG_WARN_ENUM_CONVERSION = YES;
				CLANG_WARN_INFINITE_RECURSION = YES;
				CLANG_WARN_INT_CONVERSION = YES;
				CLANG_WARN_NON_LITERAL_NULL_CONVERSION = YES;
				CLANG_WARN_OBJC_IMPLICIT_RETAIN_SELF = YES;
				CLANG_WARN_OBJC_LITERAL_CONVERSION = YES;
				CLANG_WARN_OBJC_ROOT_CLASS = YES_ERROR;
				CLANG_WARN_QUOTED_INCLUDE_IN_FRAMEWORK_HEADER = YES;
				CLANG_WARN_RANGE_LOOP_ANALYSIS = YES;
				CLANG_WARN_STRICT_PROTOTYPES = YES;
				CLANG_WARN_SUSPICIOUS_MOVE = YES;
				CLANG_WARN_UNGUARDED_AVAILABILITY = YES_AGGRESSIVE;
				CLANG_WARN_UNREACHABLE_CODE = YES;
				CLANG_WARN__DUPLICATE_METHOD_MATCH = YES;
				COPY_PHASE_STRIP = NO;
				DEBUG_INFORMATION_FORMAT = dwarf;
				ENABLE_STRICT_OBJC_MSGSEND = YES;
				ENABLE_TESTABILITY = YES;
				GCC_C_LANGUAGE_STANDARD = gnu11;
				GCC_DYNAMIC_NO_PIC = NO;
				GCC_NO_COMMON_BLOCKS = YES;
				GCC_OPTIMIZATION_LEVEL = 0;
				GCC_PREPROCESSOR_DEFINITIONS = (
					"DEBUG=1",
					"$(inherited)",
				);
				GCC_WARN_64_TO_32_BIT_CONVERSION = YES;
				GCC_WARN_ABOUT_RETURN_TYPE = YES_ERROR;
				GCC_WARN_UNDECLARED_SELECTOR = YES;
				GCC_WARN_UNINITIALIZED_AUTOS = YES_AGGRESSIVE;
				GCC_WARN_UNUSED_FUNCTION = YES;
				GCC_WARN_UNUSED_VARIABLE = YES;
				IPHONEOS_DEPLOYMENT_TARGET = 14.0;
				MTL_ENABLE_DEBUG_INFO = INCLUDE_SOURCE;
				MTL_FAST_MATH = YES;
				ONLY_ACTIVE_ARCH = YES;
				SDKROOT = iphoneos;
				SWIFT_ACTIVE_COMPILATION_CONDITIONS = DEBUG;
				SWIFT_OPTIMIZATION_LEVEL = "-Onone";
			};
			name = Debug;
		};
		24460E272567B3BB000ABF74 /* Release */ = {
			isa = XCBuildConfiguration;
			buildSettings = {
				ALWAYS_SEARCH_USER_PATHS = NO;
				CLANG_ANALYZER_NONNULL = YES;
				CLANG_ANALYZER_NUMBER_OBJECT_CONVERSION = YES_AGGRESSIVE;
				CLANG_CXX_LANGUAGE_STANDARD = "gnu++14";
				CLANG_CXX_LIBRARY = "libc++";
				CLANG_ENABLE_MODULES = YES;
				CLANG_ENABLE_OBJC_ARC = YES;
				CLANG_ENABLE_OBJC_WEAK = YES;
				CLANG_WARN_BLOCK_CAPTURE_AUTORELEASING = YES;
				CLANG_WARN_BOOL_CONVERSION = YES;
				CLANG_WARN_COMMA = YES;
				CLANG_WARN_CONSTANT_CONVERSION = YES;
				CLANG_WARN_DEPRECATED_OBJC_IMPLEMENTATIONS = YES;
				CLANG_WARN_DIRECT_OBJC_ISA_USAGE = YES_ERROR;
				CLANG_WARN_DOCUMENTATION_COMMENTS = YES;
				CLANG_WARN_EMPTY_BODY = YES;
				CLANG_WARN_ENUM_CONVERSION = YES;
				CLANG_WARN_INFINITE_RECURSION = YES;
				CLANG_WARN_INT_CONVERSION = YES;
				CLANG_WARN_NON_LITERAL_NULL_CONVERSION = YES;
				CLANG_WARN_OBJC_IMPLICIT_RETAIN_SELF = YES;
				CLANG_WARN_OBJC_LITERAL_CONVERSION = YES;
				CLANG_WARN_OBJC_ROOT_CLASS = YES_ERROR;
				CLANG_WARN_QUOTED_INCLUDE_IN_FRAMEWORK_HEADER = YES;
				CLANG_WARN_RANGE_LOOP_ANALYSIS = YES;
				CLANG_WARN_STRICT_PROTOTYPES = YES;
				CLANG_WARN_SUSPICIOUS_MOVE = YES;
				CLANG_WARN_UNGUARDED_AVAILABILITY = YES_AGGRESSIVE;
				CLANG_WARN_UNREACHABLE_CODE = YES;
				CLANG_WARN__DUPLICATE_METHOD_MATCH = YES;
				COPY_PHASE_STRIP = NO;
				DEBUG_INFORMATION_FORMAT = "dwarf-with-dsym";
				ENABLE_NS_ASSERTIONS = NO;
				ENABLE_STRICT_OBJC_MSGSEND = YES;
				GCC_C_LANGUAGE_STANDARD = gnu11;
				GCC_NO_COMMON_BLOCKS = YES;
				GCC_WARN_64_TO_32_BIT_CONVERSION = YES;
				GCC_WARN_ABOUT_RETURN_TYPE = YES_ERROR;
				GCC_WARN_UNDECLARED_SELECTOR = YES;
				GCC_WARN_UNINITIALIZED_AUTOS = YES_AGGRESSIVE;
				GCC_WARN_UNUSED_FUNCTION = YES;
				GCC_WARN_UNUSED_VARIABLE = YES;
				IPHONEOS_DEPLOYMENT_TARGET = 14.0;
				MTL_ENABLE_DEBUG_INFO = NO;
				MTL_FAST_MATH = YES;
				SDKROOT = iphoneos;
				SWIFT_COMPILATION_MODE = wholemodule;
				SWIFT_OPTIMIZATION_LEVEL = "-O";
				VALIDATE_PRODUCT = YES;
			};
			name = Release;
		};
		24460E292567B3BB000ABF74 /* Debug */ = {
			isa = XCBuildConfiguration;
			buildSettings = {
				ASSETCATALOG_COMPILER_APPICON_NAME = AppIcon;
				ASSETCATALOG_COMPILER_GLOBAL_ACCENT_COLOR_NAME = AccentColor;
				CODE_SIGN_STYLE = Automatic;
				DEVELOPMENT_TEAM = 8NM2C7228N;
				INFOPLIST_FILE = "edit-image-view/Info.plist";
				LD_RUNPATH_SEARCH_PATHS = (
					"$(inherited)",
					"@executable_path/Frameworks",
				);
				PRODUCT_BUNDLE_IDENTIFIER = "me.xcyoung.edit-image-view";
				PRODUCT_NAME = "$(TARGET_NAME)";
				SWIFT_VERSION = 5.0;
				TARGETED_DEVICE_FAMILY = "1,2";
			};
			name = Debug;
		};
		24460E2A2567B3BB000ABF74 /* Release */ = {
			isa = XCBuildConfiguration;
			buildSettings = {
				ASSETCATALOG_COMPILER_APPICON_NAME = AppIcon;
				ASSETCATALOG_COMPILER_GLOBAL_ACCENT_COLOR_NAME = AccentColor;
				CODE_SIGN_STYLE = Automatic;
				DEVELOPMENT_TEAM = 8NM2C7228N;
				INFOPLIST_FILE = "edit-image-view/Info.plist";
				LD_RUNPATH_SEARCH_PATHS = (
					"$(inherited)",
					"@executable_path/Frameworks",
				);
				PRODUCT_BUNDLE_IDENTIFIER = "me.xcyoung.edit-image-view";
				PRODUCT_NAME = "$(TARGET_NAME)";
				SWIFT_VERSION = 5.0;
				TARGETED_DEVICE_FAMILY = "1,2";
			};
			name = Release;
		};
/* End XCBuildConfiguration section */

/* Begin XCConfigurationList section */
		24460E0F2567B3BA000ABF74 /* Build configuration list for PBXProject "edit-image-view" */ = {
			isa = XCConfigurationList;
			buildConfigurations = (
				24460E262567B3BB000ABF74 /* Debug */,
				24460E272567B3BB000ABF74 /* Release */,
			);
			defaultConfigurationIsVisible = 0;
			defaultConfigurationName = Release;
		};
		24460E282567B3BB000ABF74 /* Build configuration list for PBXNativeTarget "edit-image-view" */ = {
			isa = XCConfigurationList;
			buildConfigurations = (
				24460E292567B3BB000ABF74 /* Debug */,
				24460E2A2567B3BB000ABF74 /* Release */,
			);
			defaultConfigurationIsVisible = 0;
			defaultConfigurationName = Release;
		};
/* End XCConfigurationList section */
	};
	rootObject = 24460E0C2567B3BA000ABF74 /* Project object */;
}
